{
  "nodes": {
    "crane": {
      "locked": {
        "lastModified": 1783203018,
        "narHash": "sha256-G6R9IT/xwFuu+CYBWDUAok6AdC4ERC4ZfPPFtEpxnZE=",
        "owner": "ipetkov",
        "repo": "crane",
        "rev": "80db5bdc391be8a1794f6d8a2d56e3a84ebcede2",
        "type": "github"
      },
      "original": {
        "owner": "ipetkov",
        "repo": "crane",
        "type": "github"
      }
    },
    "flake-file": {
      "locked": {
        "lastModified": 1790698230,
        "narHash": "sha256-24oUHm2evb57Dgu46X41rLY9ue/au47nxbaUTo6lJVc=",
        "owner": "denful",
        "repo": "flake-file",
        "rev": "91280a19eede3b3035e3889a3523c27e8fc07886",
        "type": "github"
      },
      "original": {
        "owner": "denful",
        "repo": "flake-file",
        "type": "github"
      }
    },
    "flake-parts": {
      "inputs": {
        "nixpkgs-lib": [
          "nixpkgs"
        ]
      },
      "locked": {
        "lastModified": 1790898470,
        "narHash": "sha256-zTwuwezD0w3hpga6a6P8emidzAZFyWqlNeRBlpWOOl8=",
        "owner": "hercules-ci",
        "repo": "flake-parts",
        "rev": "024633cd702b10285db5cb19b40ad48d2399ba60",
        "type": "github"
      },
      "original": {
        "owner": "hercules-ci",
        "repo": "flake-parts",
        "type": "github"
      }
    },
    "flake-utils": {
      "inputs": {
        "systems": "systems"
      },
      "locked": {
        "lastModified": 1731533236,
        "narHash": "sha256-l0KFg5HjrsfsO/JpG+r7fRrqm12kzFHyUHqHCVpMMbI=",
        "owner": "numtide",
        "repo": "flake-utils",
        "rev": "11707dc2f618dd54ca8739b309ec4fc024de578b",
        "type": "github"
      },
      "original": {
        "owner": "numtide",
        "repo": "flake-utils",
        "type": "github"
      }
    },
    "home-manager": {
      "inputs": {
        "nixpkgs": [
          "nixpkgs"
        ]
      },
      "locked": {
        "lastModified": 1790989254,
        "narHash": "sha256-ZN+riaeFuE+DZ5zfqJiXlM12jLwZzeIXiNkU1YeHMXI=",
        "owner": "nix-community",
        "repo": "home-manager",
        "rev": "acd21c5a3420a9d5fd0ed06299b10828267ef9ba",
        "type": "github"
      },
      "original": {
        "owner": "nix-community",
        "ref": "master",
        "repo": "home-manager",
        "type": "github"
      }
    },
    "import-tree": {
      "locked": {
        "lastModified": 1788467110,
        "narHash": "sha256-ljEMTXP/rH0tOvDzc9gzwww6KcHRPRnEHzd9lK48V7s=",
        "owner": "denful",
        "repo": "import-tree",
        "rev": "eb1b52eaecc57f7c136d07ae8a93e724dfecac46",
        "type": "github"
      },
      "original": {
        "owner": "denful",
        "repo": "import-tree",
        "type": "github"
      }
    },
    "nixpkgs": {
      "locked": {
        "lastModified": 315532800,
        "narHash": "sha256-6j4yqqBUvIbBn29k0y/2jqlv/YJd8CRkTBYhfm5Z/8c=",
        "rev": "c9fe7d12cd78d1adcd12dd15e24432dde5b155a0",
        "type": "tarball",
        "url": "https://releases.nixos.org/nixpkgs/nixpkgs-26.11pre1082837.c9fe7d12cd78/nixexprs.tar.zst?lastModified=1790769526"
      },
      "original": {
        "type": "tarball",
        "url": "https://channels.nixos.org/nixpkgs-unstable/nixexprs.tar.zst"
      }
    },
    "nixpkgs-stable": {
      "locked": {
        "lastModified": 1790920529,
        "narHash": "sha256-nQyFkMR78WP6PiXKkDW2SjqzLf/spQqjRuxRGSbcV8k=",
        "owner": "nixos",
        "repo": "nixpkgs",
        "rev": "774debe7a0d1b496e35677ad955a1011c6ff74f3",
        "type": "github"
      },
      "original": {
        "owner": "nixos",
        "ref": "nixos-26.05",
        "repo": "nixpkgs",
        "type": "github"
      }
    },
    "root": {
      "inputs": {
        "flake-file": "flake-file",
        "flake-parts": "flake-parts",
        "home-manager": "home-manager",
        "import-tree": "import-tree",
        "nixpkgs": "nixpkgs",
        "nixpkgs-stable": "nixpkgs-stable",
        "vykar": "vykar",
        "wrappers": "wrappers"
      }
    },
    "rust-overlay": {
      "inputs": {
        "nixpkgs": [
          "vykar",
          "nixpkgs"
        ]
      },
      "locked": {
        "lastModified": 1789024335,
        "narHash": "sha256-kCy/MVLRIr95DJ4vspVzWj+kO/x+JuwSHmYZCvShg8w=",
        "owner": "oxalica",
        "repo": "rust-overlay",
        "rev": "577bb1e1fc5af0713169176c5c76622c21fa3ec0",
        "type": "github"
      },
      "original": {
        "owner": "oxalica",
        "repo": "rust-overlay",
        "type": "github"
      }
    },
    "skia-binaries-aarch64-darwin": {
      "flake": false,
      "locked": {
        "narHash": "sha256-5bZ+FmMwnLwgl10GP5Oapx+uXNGx7a41W6eLiKkvacc=",
        "type": "file",
        "url": "https://github.com/rust-skia/skia-binaries/releases/download/0.99.0/skia-binaries-a25a0fdb7d90429aa2d1-aarch64-apple-darwin-gl-jpegd-jpege-pdf-textlayout-vulkan.tar.gz"
      },
      "original": {
        "type": "file",
        "url": "https://github.com/rust-skia/skia-binaries/releases/download/0.99.0/skia-binaries-a25a0fdb7d90429aa2d1-aarch64-apple-darwin-gl-jpegd-jpege-pdf-textlayout-vulkan.tar.gz"
      }
    },
    "skia-binaries-aarch64-linux": {
      "flake": false,
      "locked": {
        "narHash": "sha256-tXfDNCfFckRE3XT64+w/5JMKy0cwklAIRMLcCUc0IYU=",
        "type": "file",
        "url": "https://github.com/rust-skia/skia-binaries/releases/download/0.99.0/skia-binaries-a25a0fdb7d90429aa2d1-aarch64-unknown-linux-gnu-gl-jpegd-jpege-pdf-textlayout-vulkan.tar.gz"
      },
      "original": {
        "type": "file",
        "url": "https://github.com/rust-skia/skia-binaries/releases/download/0.99.0/skia-binaries-a25a0fdb7d90429aa2d1-aarch64-unknown-linux-gnu-gl-jpegd-jpege-pdf-textlayout-vulkan.tar.gz"
      }
    },
    "skia-binaries-x86_64-linux": {
      "flake": false,
      "locked": {
        "narHash": "sha256-eUb2aJV5bp4gffHKjqBPyjVQF4iyrlg4RWzv2Ny5TVE=",
        "type": "file",
        "url": "https://github.com/rust-skia/skia-binaries/releases/download/0.99.0/skia-binaries-a25a0fdb7d90429aa2d1-x86_64-unknown-linux-gnu-gl-jpegd-jpege-pdf-textlayout-vulkan.tar.gz"
      },
      "original": {
        "type": "file",
        "url": "https://github.com/rust-skia/skia-binaries/releases/download/0.99.0/skia-binaries-a25a0fdb7d90429aa2d1-x86_64-unknown-linux-gnu-gl-jpegd-jpege-pdf-textlayout-vulkan.tar.gz"
      }
    },
    "systems": {
      "locked": {
        "lastModified": 1681028828,
        "narHash": "sha256-Vy1rq5AaRuLzOxct8nz4T6wlgyUR7zLU309k9mBC768=",
        "owner": "nix-systems",
        "repo": "default",
        "rev": "da67096a3b9bf56a91d16901293e51ba5b49a27e",
        "type": "github"
      },
      "original": {
        "owner": "nix-systems",
        "repo": "default",
        "type": "github"
      }
    },
    "vykar": {
      "inputs": {
        "crane": "crane",
        "flake-utils": "flake-utils",
        "nixpkgs": [
          "nixpkgs"
        ],
        "rust-overlay": "rust-overlay",
        "skia-binaries-aarch64-darwin": "skia-binaries-aarch64-darwin",
        "skia-binaries-aarch64-linux": "skia-binaries-aarch64-linux",
        "skia-binaries-x86_64-linux": "skia-binaries-x86_64-linux"
      },
      "locked": {
        "lastModified": 1790928838,
        "narHash": "sha256-Tw0vZfu+yX41O2LrQPPJ6V6AZ8Sw0ZcdQqqEBDuvZI8=",
        "owner": "borgbase",
        "repo": "vykar",
        "rev": "db89109445d78bb251231f34f98e7941619857ff",
        "type": "github"
      },
      "original": {
        "owner": "borgbase",
        "ref": "main",
        "repo": "vykar",
        "type": "github"
      }
    },
    "wrappers": {
      "inputs": {
        "nixpkgs": [
          "nixpkgs"
        ]
      },
      "locked": {
        "lastModified": 1789546006,
        "narHash": "sha256-hv8Y2AcOGuCoI/5fVjPZzCAOygTbL9wvvY9HKXvvLEk=",
        "owner": "lassulus",
        "repo": "wrappers",
        "rev": "e6676c0f59edd80dc1afb6a00047f5578095e4cb",
        "type": "github"
      },
      "original": {
        "owner": "lassulus",
        "repo": "wrappers",
        "type": "github"
      }
    }
  },
  "root": "root",
  "version": 7
}
