{
  "nodes": {
    "crane": {
      "locked": {
        "lastModified": 1783203018,
        "narHash": "sha256-G6R9IT/xwFuu+CYBWDUAok6AdC4ERC4ZfPPFtEpxnZE=",
        "owner": "ipetkov",
        "repo": "crane",
        "rev": "80db5bdc391be8a1794f6d8a2d56e3a84ebcede2",
        "type": "github"
      },
      "original": {
        "owner": "ipetkov",
        "repo": "crane",
        "type": "github"
      }
    },
    "flake-file": {
      "locked": {
        "lastModified": 1784255282,
        "narHash": "sha256-srM+PTqxfyvbQ0BevsOtP8vQv/Ox6OMtY4DktoDxLKg=",
        "owner": "vic",
        "repo": "flake-file",
        "rev": "66ddd2f69a5c4677f0095c6f70eea1217dc45749",
        "type": "github"
      },
      "original": {
        "owner": "vic",
        "repo": "flake-file",
        "type": "github"
      }
    },
    "flake-parts": {
      "inputs": {
        "nixpkgs-lib": [
          "nixpkgs"
        ]
      },
      "locked": {
        "lastModified": 1782949081,
        "narHash": "sha256-vp6Y/Grm98ESt6ceOkWiHWyZRDV3J1RID4w+6NWK9yA=",
        "owner": "hercules-ci",
        "repo": "flake-parts",
        "rev": "17c9d6cdfc60c64f4ee8d306f9bc0b4ccb51481e",
        "type": "github"
      },
      "original": {
        "owner": "hercules-ci",
        "repo": "flake-parts",
        "type": "github"
      }
    },
    "flake-utils": {
      "inputs": {
        "systems": "systems"
      },
      "locked": {
        "lastModified": 1731533236,
        "narHash": "sha256-l0KFg5HjrsfsO/JpG+r7fRrqm12kzFHyUHqHCVpMMbI=",
        "owner": "numtide",
        "repo": "flake-utils",
        "rev": "11707dc2f618dd54ca8739b309ec4fc024de578b",
        "type": "github"
      },
      "original": {
        "owner": "numtide",
        "repo": "flake-utils",
        "type": "github"
      }
    },
    "home-manager": {
      "inputs": {
        "nixpkgs": [
          "nixpkgs"
        ]
      },
      "locked": {
        "lastModified": 1784129366,
        "narHash": "sha256-N5JiyICSeQF14x+OQebNyPpYowOT9Rs1iKyeCylSzOA=",
        "owner": "nix-community",
        "repo": "home-manager",
        "rev": "165228b0efefc3e635e5174020c40ea64271dc25",
        "type": "github"
      },
      "original": {
        "owner": "nix-community",
        "ref": "master",
        "repo": "home-manager",
        "type": "github"
      }
    },
    "import-tree": {
      "locked": {
        "lastModified": 1784254960,
        "narHash": "sha256-iI88R3wHz8wTKQb5orvpc51L/Xr64AJyxid/0MKa/b8=",
        "owner": "vic",
        "repo": "import-tree",
        "rev": "4ebb10ae17d5f1ad366e7aef5b92cb8eecf24f69",
        "type": "github"
      },
      "original": {
        "owner": "vic",
        "repo": "import-tree",
        "type": "github"
      }
    },
    "nixpkgs": {
      "locked": {
        "lastModified": 315532800,
        "narHash": "sha256-Qvf5DoKIqxiqvqHqp2BAXrwrA3ic5nMNA5DNagQB96I=",
        "rev": "a47c123a609287a012dfc44d281de2dd4ed13394",
        "type": "tarball",
        "url": "https://releases.nixos.org/nixpkgs/nixpkgs-26.11pre1036407.a47c123a6092/nixexprs.tar.xz?lastModified=1784282293"
      },
      "original": {
        "type": "tarball",
        "url": "https://channels.nixos.org/nixpkgs-unstable/nixexprs.tar.xz"
      }
    },
    "nixpkgs-stable": {
      "locked": {
        "lastModified": 1784280462,
        "narHash": "sha256-DtoqIqM7VkR6NxAkcLpMwmi02USwWb3JdmNGLyhthc0=",
        "owner": "nixos",
        "repo": "nixpkgs",
        "rev": "293d6abedf0478e681a4dfcfcb35b30fc796a32f",
        "type": "github"
      },
      "original": {
        "owner": "nixos",
        "ref": "nixos-26.05",
        "repo": "nixpkgs",
        "type": "github"
      }
    },
    "root": {
      "inputs": {
        "flake-file": "flake-file",
        "flake-parts": "flake-parts",
        "home-manager": "home-manager",
        "import-tree": "import-tree",
        "nixpkgs": "nixpkgs",
        "nixpkgs-stable": "nixpkgs-stable",
        "vykar": "vykar",
        "wrappers": "wrappers"
      }
    },
    "rust-overlay": {
      "inputs": {
        "nixpkgs": [
          "vykar",
          "nixpkgs"
        ]
      },
      "locked": {
        "lastModified": 1783747106,
        "narHash": "sha256-KlepQu/O5m11lAjcJ4ER5bc6bIzyX2UMPDARzMzQfIw=",
        "owner": "oxalica",
        "repo": "rust-overlay",
        "rev": "e598b37857b895b81020a65a802ef55f5bbed72f",
        "type": "github"
      },
      "original": {
        "owner": "oxalica",
        "repo": "rust-overlay",
        "type": "github"
      }
    },
    "skia-binaries-aarch64-darwin": {
      "flake": false,
      "locked": {
        "narHash": "sha256-5bZ+FmMwnLwgl10GP5Oapx+uXNGx7a41W6eLiKkvacc=",
        "type": "file",
        "url": "https://github.com/rust-skia/skia-binaries/releases/download/0.99.0/skia-binaries-a25a0fdb7d90429aa2d1-aarch64-apple-darwin-gl-jpegd-jpege-pdf-textlayout-vulkan.tar.gz"
      },
      "original": {
        "type": "file",
        "url": "https://github.com/rust-skia/skia-binaries/releases/download/0.99.0/skia-binaries-a25a0fdb7d90429aa2d1-aarch64-apple-darwin-gl-jpegd-jpege-pdf-textlayout-vulkan.tar.gz"
      }
    },
    "skia-binaries-aarch64-linux": {
      "flake": false,
      "locked": {
        "narHash": "sha256-tXfDNCfFckRE3XT64+w/5JMKy0cwklAIRMLcCUc0IYU=",
        "type": "file",
        "url": "https://github.com/rust-skia/skia-binaries/releases/download/0.99.0/skia-binaries-a25a0fdb7d90429aa2d1-aarch64-unknown-linux-gnu-gl-jpegd-jpege-pdf-textlayout-vulkan.tar.gz"
      },
      "original": {
        "type": "file",
        "url": "https://github.com/rust-skia/skia-binaries/releases/download/0.99.0/skia-binaries-a25a0fdb7d90429aa2d1-aarch64-unknown-linux-gnu-gl-jpegd-jpege-pdf-textlayout-vulkan.tar.gz"
      }
    },
    "skia-binaries-x86_64-linux": {
      "flake": false,
      "locked": {
        "narHash": "sha256-eUb2aJV5bp4gffHKjqBPyjVQF4iyrlg4RWzv2Ny5TVE=",
        "type": "file",
        "url": "https://github.com/rust-skia/skia-binaries/releases/download/0.99.0/skia-binaries-a25a0fdb7d90429aa2d1-x86_64-unknown-linux-gnu-gl-jpegd-jpege-pdf-textlayout-vulkan.tar.gz"
      },
      "original": {
        "type": "file",
        "url": "https://github.com/rust-skia/skia-binaries/releases/download/0.99.0/skia-binaries-a25a0fdb7d90429aa2d1-x86_64-unknown-linux-gnu-gl-jpegd-jpege-pdf-textlayout-vulkan.tar.gz"
      }
    },
    "systems": {
      "locked": {
        "lastModified": 1681028828,
        "narHash": "sha256-Vy1rq5AaRuLzOxct8nz4T6wlgyUR7zLU309k9mBC768=",
        "owner": "nix-systems",
        "repo": "default",
        "rev": "da67096a3b9bf56a91d16901293e51ba5b49a27e",
        "type": "github"
      },
      "original": {
        "owner": "nix-systems",
        "repo": "default",
        "type": "github"
      }
    },
    "vykar": {
      "inputs": {
        "crane": "crane",
        "flake-utils": "flake-utils",
        "nixpkgs": [
          "nixpkgs"
        ],
        "rust-overlay": "rust-overlay",
        "skia-binaries-aarch64-darwin": "skia-binaries-aarch64-darwin",
        "skia-binaries-aarch64-linux": "skia-binaries-aarch64-linux",
        "skia-binaries-x86_64-linux": "skia-binaries-x86_64-linux"
      },
      "locked": {
        "lastModified": 1783851226,
        "narHash": "sha256-uhAZY8Rv3CS5K6AR7WI/PY/BqnBkXqb8Ine4k+2tZAg=",
        "owner": "borgbase",
        "repo": "vykar",
        "rev": "3a500bf50a8b30a04e9329cc5ab1a2938ea81783",
        "type": "github"
      },
      "original": {
        "owner": "borgbase",
        "ref": "main",
        "repo": "vykar",
        "type": "github"
      }
    },
    "wrappers": {
      "inputs": {
        "nixpkgs": [
          "nixpkgs"
        ]
      },
      "locked": {
        "lastModified": 1784213309,
        "narHash": "sha256-A9C90KsA6FsRkFPTA1C1sHP13d6AMuGOvsvI7qjHz8g=",
        "owner": "lassulus",
        "repo": "wrappers",
        "rev": "a04c2ee17fb9679198d0a852ad8709bc152dfac2",
        "type": "github"
      },
      "original": {
        "owner": "lassulus",
        "repo": "wrappers",
        "type": "github"
      }
    }
  },
  "root": "root",
  "version": 7
}
